
Microsoft Visual Studio Solution File, Format Version 12.00
# Visual Studio Version 16
VisualStudioVersion = 16.0.30011.22
MinimumVisualStudioVersion = 10.0.40219.1
Project("{FAE04EC0-301F-11D3-BF4B-00C04F79EFBC}") = "WebGlovo", "WebGlovo\WebGlovo.csproj", "{3717ECCD-4A32-4841-9870-A198E7B16713}"
EndProject
Project("{FAE04EC0-301F-11D3-BF4B-00C04F79EFBC}") = "WebVue", "WebVue\WebVue.csproj", "{8EE2F723-AFFF-4B74-91F0-7F2856B92AF4}"
EndProject
Global
	GlobalSection(SolutionConfigurationPlatforms) = preSolution
		Debug|Any CPU = Debug|Any CPU
		Release|Any CPU = Release|Any CPU
	EndGlobalSection
	GlobalSection(ProjectConfigurationPlatforms) = postSolution
		{3717ECCD-4A32-4841-9870-A198E7B16713}.Debug|Any CPU.ActiveCfg = Debug|Any CPU
		{3717ECCD-4A32-4841-9870-A198E7B16713}.Debug|Any CPU.Build.0 = Debug|Any CPU
		{3717ECCD-4A32-4841-9870-A198E7B16713}.Release|Any CPU.ActiveCfg = Release|Any CPU
		{3717ECCD-4A32-4841-9870-A198E7B16713}.Release|Any CPU.Build.0 = Release|Any CPU
		{8EE2F723-AFFF-4B74-91F0-7F2856B92AF4}.Debug|Any CPU.ActiveCfg = Debug|Any CPU
		{8EE2F723-AFFF-4B74-91F0-7F2856B92AF4}.Debug|Any CPU.Build.0 = Debug|Any CPU
		{8EE2F723-AFFF-4B74-91F0-7F2856B92AF4}.Release|Any CPU.ActiveCfg = Release|Any CPU
		{8EE2F723-AFFF-4B74-91F0-7F2856B92AF4}.Release|Any CPU.Build.0 = Release|Any CPU
	EndGlobalSection
	GlobalSection(SolutionProperties) = preSolution
		HideSolutionNode = FALSE
	EndGlobalSection
	GlobalSection(ExtensibilityGlobals) = postSolution
		SolutionGuid = {A1DE994E-88E6-485B-ABF6-09C1AC7C8367}
	EndGlobalSection
EndGlobal
